
Microsoft Visual Studio Solution File, Format Version 12.00
# Visual Studio Express 2012 for Windows Desktop
Project("{FAE04EC0-301F-11D3-BF4B-00C04F79EFBC}") = "FEFF", "FEFF\FEFF.csproj", "{BD7855D7-E64D-4D42-98AE-2C904D4A84CC}"
EndProject
Global
	GlobalSection(SolutionConfigurationPlatforms) = preSolution
		Debug|Any CPU = Debug|Any CPU
		Release|Any CPU = Release|Any CPU
	EndGlobalSection
	GlobalSection(ProjectConfigurationPlatforms) = postSolution
		{BD7855D7-E64D-4D42-98AE-2C904D4A84CC}.Debug|Any CPU.ActiveCfg = Debug|Any CPU
		{BD7855D7-E64D-4D42-98AE-2C904D4A84CC}.Debug|Any CPU.Build.0 = Debug|Any CPU
		{BD7855D7-E64D-4D42-98AE-2C904D4A84CC}.Release|Any CPU.ActiveCfg = Release|Any CPU
		{BD7855D7-E64D-4D42-98AE-2C904D4A84CC}.Release|Any CPU.Build.0 = Release|Any CPU
	EndGlobalSection
	GlobalSection(SolutionProperties) = preSolution
		HideSolutionNode = FALSE
	EndGlobalSection
EndGlobal
